{
  "requires": true,
  "lockfileVersion": 1,
  "dependencies": {
    "axios": {
      "version": "0.24.0",
      "resolved": "https://registry.npmjs.org/axios/-/axios-0.24.0.tgz",
      "integrity": "sha512-Q6cWsys88HoPgAaFAVUb0WpPk0O8iTeisR9IMqy9G8AbO4NlpVknrnQS03zzF9PGAWgO3cgletO3VjV/P7VztA==",
      "requires": {
        "follow-redirects": "^1.14.4"
      }
    },
    "follow-redirects": {
      "version": "1.14.5",
      "resolved": "https://registry.npmjs.org/follow-redirects/-/follow-redirects-1.14.5.tgz",
      "integrity": "sha512-wtphSXy7d4/OR+MvIFbCVBDzZ5520qV8XfPklSN5QtxuMUJZ+b0Wnst1e1lCDocfzuCkHqj8k0FpZqO+UIaKNA=="
    },
    "react-icons": {
      "version": "4.3.1",
      "resolved": "https://registry.npmjs.org/react-icons/-/react-icons-4.3.1.tgz",
      "integrity": "sha512-cB10MXLTs3gVuXimblAdI71jrJx8njrJZmNMEMC+sQu5B/BIOmlsAjskdqpn81y8UBVEGuHODd7/ci5DvoSzTQ=="
    },
    "react-tweet-embed": {
      "version": "1.3.1",
      "resolved": "https://registry.npmjs.org/react-tweet-embed/-/react-tweet-embed-1.3.1.tgz",
      "integrity": "sha512-qVAlb3/d3YhYHHB6Y3J/8OCY+a5KOzCnY/qUaBnK8qtEKXK9qWePlpGevDQgryWuKxggwxW1UHPLZ3VpPc7XUQ=="
    }
  }
}
